
Microsoft Visual Studio Solution File, Format Version 12.00
# Visual Studio 2013
VisualStudioVersion = 12.0.31101.0
MinimumVisualStudioVersion = 10.0.40219.1
Project("{2150E333-8FDC-42A3-9474-1A3956D46DE8}") = "Shared", "Shared", "{C5B6A75F-9137-44A2-99FD-1810DCC2F64A}"
EndProject
Project("{2150E333-8FDC-42A3-9474-1A3956D46DE8}") = "Windows", "Windows", "{B7373481-A993-4B5B-AEE6-66BAA5155B1D}"
EndProject
Project("{2150E333-8FDC-42A3-9474-1A3956D46DE8}") = "WindowsPhone", "WindowsPhone", "{5D6CE7AE-FAC8-4C7C-8F58-D11E64073118}"
EndProject
Project("{FAE04EC0-301F-11D3-BF4B-00C04F79EFBC}") = "Scanner.Models", "Shared\Scanner.Models\Scanner.Models.csproj", "{97366F7B-6CE4-4D39-B2EE-81CFBF64BB00}"
EndProject
Project("{FAE04EC0-301F-11D3-BF4B-00C04F79EFBC}") = "Scanner.Core", "Shared\Scanner.Core\Scanner.Core.csproj", "{C8125C5F-15A3-443D-BBCA-71A2F74A0E32}"
EndProject
Project("{FAE04EC0-301F-11D3-BF4B-00C04F79EFBC}") = "Scanner.Windows", "Windows\Scanner.Windows\Scanner.Windows.csproj", "{966930F4-4207-4008-A828-5943A3CBAE3C}"
EndProject
Project("{FAE04EC0-301F-11D3-BF4B-00C04F79EFBC}") = "Scanner.Windows.ViewModels", "Windows\Scanner.Windows.ViewModels\Scanner.Windows.ViewModels.csproj", "{D2E04735-003D-432B-9C6D-FE9BB658B8CF}"
EndProject
Project("{FAE04EC0-301F-11D3-BF4B-00C04F79EFBC}") = "Scanner.Resources", "Shared\Scanner.Resources\Scanner.Resources.csproj", "{64624E36-CD80-434F-A337-72D0BC08438E}"
EndProject
Project("{FAE04EC0-301F-11D3-BF4B-00C04F79EFBC}") = "Scanner.DataAccess", "Shared\Scanner.DataAccess\Scanner.DataAccess.csproj", "{7C1A35CB-8B84-4F43-ABC9-36376392E68C}"
EndProject
Project("{FAE04EC0-301F-11D3-BF4B-00C04F79EFBC}") = "Scanner.Windows.Core", "Windows\Scanner.Windows.Core\Scanner.Windows.Core.csproj", "{566B423B-6C80-4B87-8F27-DEEBB65A6981}"
EndProject
Project("{2150E333-8FDC-42A3-9474-1A3956D46DE8}") = ".nuget", ".nuget", "{C8748574-80D2-419F-8536-5816036F2B80}"
	ProjectSection(SolutionItems) = preProject
		.nuget\NuGet.Config = .nuget\NuGet.Config
		.nuget\NuGet.exe = .nuget\NuGet.exe
		.nuget\NuGet.targets = .nuget\NuGet.targets
	EndProjectSection
EndProject
Project("{2150E333-8FDC-42A3-9474-1A3956D46DE8}") = "OpenCV", "OpenCV", "{D1201920-F3A0-4657-BC0A-D61D6B47BB42}"
EndProject
Project("{8BC9CEB8-8B4A-11D0-8D11-00A0C91BC942}") = "opencv_calib3d.Shared", "OpenCV\opencv_calib3d\opencv_calib3d.Shared\opencv_calib3d.Shared.vcxitems", "{1C3E322E-2550-41E3-ACED-246144430B63}"
EndProject
Project("{8BC9CEB8-8B4A-11D0-8D11-00A0C91BC942}") = "opencv_calib3d.Windows", "OpenCV\opencv_calib3d\opencv_calib3d.Windows\opencv_calib3d.Windows.vcxproj", "{459541FF-2068-4F5A-837F-8E65E764AF63}"
EndProject
Project("{2150E333-8FDC-42A3-9474-1A3956D46DE8}") = "opencv_calib3d", "opencv_calib3d", "{F98B3E94-8210-47F7-BCB3-32DADFE9CB24}"
EndProject
Project("{2150E333-8FDC-42A3-9474-1A3956D46DE8}") = "opencv_core", "opencv_core", "{A2B2B6F2-3A9A-44A7-B3C4-4F284920D4B3}"
EndProject
Project("{8BC9CEB8-8B4A-11D0-8D11-00A0C91BC942}") = "opencv_core.Shared", "OpenCV\opencv_core\opencv_core.Shared\opencv_core.Shared.vcxitems", "{C7AB42C5-882D-411E-AA37-4C593E193E6E}"
EndProject
Project("{8BC9CEB8-8B4A-11D0-8D11-00A0C91BC942}") = "opencv_core.Windows", "OpenCV\opencv_core\opencv_core.Windows\opencv_core.Windows.vcxproj", "{2E620A2C-36AD-4CCF-8C61-64B518B44908}"
EndProject
Project("{8BC9CEB8-8B4A-11D0-8D11-00A0C91BC942}") = "opencv_core.WindowsPhone", "OpenCV\opencv_core\opencv_core.WindowsPhone\opencv_core.WindowsPhone.vcxproj", "{68F286FD-3929-4AB0-B06D-E74BA48D59FF}"
EndProject
Project("{2150E333-8FDC-42A3-9474-1A3956D46DE8}") = "opencv_hal", "opencv_hal", "{0CDF5DC7-8F12-45B5-8AFF-0F8C0E9F65FB}"
EndProject
Project("{8BC9CEB8-8B4A-11D0-8D11-00A0C91BC942}") = "opencv_hal.Shared", "OpenCV\opencv_hal\opencv_hal.Shared\opencv_hal.Shared.vcxitems", "{53B3A411-971E-482B-9C82-A20C7F2920E3}"
EndProject
Project("{8BC9CEB8-8B4A-11D0-8D11-00A0C91BC942}") = "opencv_hal.Windows", "OpenCV\opencv_hal\opencv_hal.Windows\opencv_hal.Windows.vcxproj", "{1BA1FA65-4A56-4596-AF89-AF9ACA0C260A}"
EndProject
Project("{2150E333-8FDC-42A3-9474-1A3956D46DE8}") = "opencv_imgproc", "opencv_imgproc", "{B5362432-868A-48AF-BA06-CAE2DDF2B8A2}"
EndProject
Project("{8BC9CEB8-8B4A-11D0-8D11-00A0C91BC942}") = "opencv_imgproc.Shared", "OpenCV\opencv_imgproc\opencv_imgproc.Shared\opencv_imgproc.Shared.vcxitems", "{FDAE92EF-31F0-4633-8367-D2B87A3C9980}"
EndProject
Project("{8BC9CEB8-8B4A-11D0-8D11-00A0C91BC942}") = "opencv_imgproc.Windows", "OpenCV\opencv_imgproc\opencv_imgproc.Windows\opencv_imgproc.Windows.vcxproj", "{F631C5EE-6289-4368-9A82-BCA7AB2CDC0B}"
EndProject
Project("{2150E333-8FDC-42A3-9474-1A3956D46DE8}") = "opencv_flann", "opencv_flann", "{E03594D9-089A-4817-B2CD-C35E26A91700}"
EndProject
Project("{8BC9CEB8-8B4A-11D0-8D11-00A0C91BC942}") = "opencv_flann.Shared", "OpenCV\opencv_flann\opencv_flann.Shared\opencv_flann.Shared.vcxitems", "{D38A73C5-7095-4E0F-BBD8-0AB83E7A66B9}"
EndProject
Project("{8BC9CEB8-8B4A-11D0-8D11-00A0C91BC942}") = "opencv_flann.Windows", "OpenCV\opencv_flann\opencv_flann.Windows\opencv_flann.Windows.vcxproj", "{168DEF21-2EF9-430A-B400-559A9E3A707F}"
EndProject
Project("{2150E333-8FDC-42A3-9474-1A3956D46DE8}") = "opencv_imgcodecs", "opencv_imgcodecs", "{D561D140-D3DD-4FA3-80C2-21B834727192}"
EndProject
Project("{8BC9CEB8-8B4A-11D0-8D11-00A0C91BC942}") = "opencv_imgcodecs.Shared", "OpenCV\opencv_imgcodecs\opencv_imgcodecs.Shared\opencv_imgcodecs.Shared.vcxitems", "{EE036961-9C46-4356-84E9-4578CA012890}"
EndProject
Project("{8BC9CEB8-8B4A-11D0-8D11-00A0C91BC942}") = "opencv_imgcodecs.Windows", "OpenCV\opencv_imgcodecs\opencv_imgcodecs.Windows\opencv_imgcodecs.Windows.vcxproj", "{807B4A4A-3DC5-492C-BA68-F3CCCCD6DD97}"
EndProject
Project("{8BC9CEB8-8B4A-11D0-8D11-00A0C91BC942}") = "opencv_calib3d.WindowsPhone", "OpenCV\opencv_calib3d\opencv_calib3d.WindowsPhone\opencv_calib3d.WindowsPhone.vcxproj", "{43C45A8F-FDE9-46C3-91CF-873C94857532}"
EndProject
Project("{2150E333-8FDC-42A3-9474-1A3956D46DE8}") = "zlib", "zlib", "{F5959AD3-D710-4EA7-9942-529B43D53C77}"
EndProject
Project("{2150E333-8FDC-42A3-9474-1A3956D46DE8}") = "zlib", "zlib", "{FFF58266-E45E-4B7E-A784-9C46563726EB}"
EndProject
Project("{8BC9CEB8-8B4A-11D0-8D11-00A0C91BC942}") = "zlib.Shared", "zlib\zlib.Shared\zlib.Shared.vcxitems", "{459535EF-27A0-41DA-93FF-3DDEF3AD48DC}"
EndProject
Project("{8BC9CEB8-8B4A-11D0-8D11-00A0C91BC942}") = "zlib.Windows", "zlib\zlib.Windows\zlib.Windows.vcxproj", "{3B32E7E2-0D8F-48A3-AA37-4C8B160C1F67}"
EndProject
Project("{8BC9CEB8-8B4A-11D0-8D11-00A0C91BC942}") = "zlib.WindowsPhone", "zlib\zlib.WindowsPhone\zlib.WindowsPhone.vcxproj", "{C514B6C8-94F6-4165-A380-EB48AA3B44D9}"
EndProject
Project("{2150E333-8FDC-42A3-9474-1A3956D46DE8}") = "libjasper", "libjasper", "{7108BA5C-8C68-4EEF-901F-89A3E915B10E}"
EndProject
Project("{2150E333-8FDC-42A3-9474-1A3956D46DE8}") = "libjpeg", "libjpeg", "{4E06810D-CF98-4C7B-B4FC-D7149DEC947C}"
EndProject
Project("{2150E333-8FDC-42A3-9474-1A3956D46DE8}") = "libpng", "libpng", "{F2C78B7F-C2D7-4B24-91A7-891063DD5F80}"
EndProject
Project("{2150E333-8FDC-42A3-9474-1A3956D46DE8}") = "libtiff", "libtiff", "{589B51BE-95B2-4E23-AFCE-990BDF2D794E}"
EndProject
Project("{8BC9CEB8-8B4A-11D0-8D11-00A0C91BC942}") = "libjasper.Shared", "OpenCV\libjasper\libjasper.Shared\libjasper.Shared.vcxitems", "{D599B5E5-D352-4F6F-9544-A1C5BF3C4F15}"
EndProject
Project("{8BC9CEB8-8B4A-11D0-8D11-00A0C91BC942}") = "libjasper.Windows", "OpenCV\libjasper\libjasper.Windows\libjasper.Windows.vcxproj", "{B58EF6DC-D2E1-4587-9ECB-EBE21818917C}"
EndProject
Project("{8BC9CEB8-8B4A-11D0-8D11-00A0C91BC942}") = "libjpeg.Shared", "OpenCV\libjpeg\libjpeg.Shared\libjpeg.Shared.vcxitems", "{5AD6BEF0-495D-404D-BE53-57794B0B018D}"
EndProject
Project("{8BC9CEB8-8B4A-11D0-8D11-00A0C91BC942}") = "libjpeg.Windows", "OpenCV\libjpeg\libjpeg.Windows\libjpeg.Windows.vcxproj", "{F2C6ECA3-2DF7-444F-82EA-F5505B8EA3B8}"
EndProject
Project("{8BC9CEB8-8B4A-11D0-8D11-00A0C91BC942}") = "libpng.Shared", "OpenCV\libpng\libpng.Shared\libpng.Shared.vcxitems", "{E99757D1-FBC3-43AA-A3CF-9F4B018EF02D}"
EndProject
Project("{8BC9CEB8-8B4A-11D0-8D11-00A0C91BC942}") = "libpng.Windows", "OpenCV\libpng\libpng.Windows\libpng.Windows.vcxproj", "{2D126C68-0490-4D43-95E2-342B601E1236}"
EndProject
Project("{8BC9CEB8-8B4A-11D0-8D11-00A0C91BC942}") = "libtiff.Shared", "OpenCV\libtiff\libtiff.Shared\libtiff.Shared.vcxitems", "{0379F787-DEAF-4E5B-B2AF-7CE0B8F0B1DE}"
EndProject
Project("{8BC9CEB8-8B4A-11D0-8D11-00A0C91BC942}") = "libtiff.Windows", "OpenCV\libtiff\libtiff.Windows\libtiff.Windows.vcxproj", "{B8C903E8-3E32-4DF2-AC1B-EAEED6FBE5B5}"
EndProject
Project("{2150E333-8FDC-42A3-9474-1A3956D46DE8}") = "opencv_features2d", "opencv_features2d", "{D7F7FE02-F253-494F-89ED-4E24F48A1030}"
EndProject
Project("{8BC9CEB8-8B4A-11D0-8D11-00A0C91BC942}") = "opencv_features2d.Shared", "OpenCV\opencv_features2d\opencv_features2d.Shared\opencv_features2d.Shared.vcxitems", "{B5ADF3AE-B4E3-4BDA-AFE6-E4077DB244D7}"
EndProject
Project("{8BC9CEB8-8B4A-11D0-8D11-00A0C91BC942}") = "opencv_features2d.Windows", "OpenCV\opencv_features2d\opencv_features2d.Windows\opencv_features2d.Windows.vcxproj", "{C75DA0F2-A265-4D72-9D5F-D682F7A814C3}"
EndProject
Project("{2150E333-8FDC-42A3-9474-1A3956D46DE8}") = "OpenCVRT", "OpenCVRT", "{8DFFC9DA-4CB0-4B10-894D-DFA20B792A96}"
EndProject
Project("{2150E333-8FDC-42A3-9474-1A3956D46DE8}") = "OpenCVRT", "OpenCVRT", "{D8999D03-218E-40E3-80A5-040C2C55F7B6}"
EndProject
Project("{8BC9CEB8-8B4A-11D0-8D11-00A0C91BC942}") = "OpenCVRT.Shared", "OpenCVRT\OpenCVRT.Shared\OpenCVRT.Shared.vcxitems", "{2CE306D4-32E4-4AFF-BC92-9E2D2B0F9958}"
EndProject
Project("{8BC9CEB8-8B4A-11D0-8D11-00A0C91BC942}") = "OpenCVRT.Windows", "OpenCVRT\OpenCVRT.Windows\OpenCVRT.Windows.vcxproj", "{680CC402-F76B-4C27-A95D-0293968F3ACB}"
EndProject
Project("{8BC9CEB8-8B4A-11D0-8D11-00A0C91BC942}") = "OpenCVRT.WindowsPhone", "OpenCVRT\OpenCVRT.WindowsPhone\OpenCVRT.WindowsPhone.vcxproj", "{F74CE628-B86B-454D-8D2F-52205E2265CF}"
EndProject
Global
	GlobalSection(SharedMSBuildProjectFiles) = preSolution
		OpenCVRT\OpenCVRT.Shared\OpenCVRT.Shared.vcxitems*{2ce306d4-32e4-4aff-bc92-9e2d2b0f9958}*SharedItemsImports = 9
		OpenCV\libjasper\libjasper.Shared\libjasper.Shared.vcxitems*{b58ef6dc-d2e1-4587-9ecb-ebe21818917c}*SharedItemsImports = 4
		OpenCV\libpng\libpng.Shared\libpng.Shared.vcxitems*{e99757d1-fbc3-43aa-a3cf-9f4b018ef02d}*SharedItemsImports = 9
		OpenCVRT\OpenCVRT.Shared\OpenCVRT.Shared.vcxitems*{680cc402-f76b-4c27-a95d-0293968f3acb}*SharedItemsImports = 4
		OpenCV\libtiff\libtiff.Shared\libtiff.Shared.vcxitems*{0379f787-deaf-4e5b-b2af-7ce0b8f0b1de}*SharedItemsImports = 9
		OpenCV\libjasper\libjasper.Shared\libjasper.Shared.vcxitems*{d599b5e5-d352-4f6f-9544-a1c5bf3c4f15}*SharedItemsImports = 9
		OpenCV\opencv_flann\opencv_flann.Shared\opencv_flann.Shared.vcxitems*{d38a73c5-7095-4e0f-bbd8-0ab83e7a66b9}*SharedItemsImports = 9
		OpenCV\opencv_features2d\opencv_features2d.Shared\opencv_features2d.Shared.vcxitems*{c75da0f2-a265-4d72-9d5f-d682f7a814c3}*SharedItemsImports = 4
		OpenCV\opencv_core\opencv_core.Shared\opencv_core.Shared.vcxitems*{68f286fd-3929-4ab0-b06d-e74ba48d59ff}*SharedItemsImports = 4
		zlib\zlib.Shared\zlib.Shared.vcxitems*{c514b6c8-94f6-4165-a380-eb48aa3b44d9}*SharedItemsImports = 4
		OpenCV\opencv_features2d\opencv_features2d.Shared\opencv_features2d.Shared.vcxitems*{b5adf3ae-b4e3-4bda-afe6-e4077db244d7}*SharedItemsImports = 9
		OpenCV\opencv_calib3d\opencv_calib3d.Shared\opencv_calib3d.Shared.vcxitems*{459541ff-2068-4f5a-837f-8e65e764af63}*SharedItemsImports = 4
		OpenCV\opencv_hal\opencv_hal.Shared\opencv_hal.Shared.vcxitems*{1ba1fa65-4a56-4596-af89-af9aca0c260a}*SharedItemsImports = 4
		OpenCV\opencv_core\opencv_core.Shared\opencv_core.Shared.vcxitems*{c7ab42c5-882d-411e-aa37-4c593e193e6e}*SharedItemsImports = 9
		OpenCVRT\OpenCVRT.Shared\OpenCVRT.Shared.vcxitems*{f74ce628-b86b-454d-8d2f-52205e2265cf}*SharedItemsImports = 4
		OpenCV\opencv_calib3d\opencv_calib3d.Shared\opencv_calib3d.Shared.vcxitems*{1c3e322e-2550-41e3-aced-246144430b63}*SharedItemsImports = 9
		OpenCV\libpng\libpng.Shared\libpng.Shared.vcxitems*{2d126c68-0490-4d43-95e2-342b601e1236}*SharedItemsImports = 4
		OpenCV\opencv_imgproc\opencv_imgproc.Shared\opencv_imgproc.Shared.vcxitems*{fdae92ef-31f0-4633-8367-d2b87a3c9980}*SharedItemsImports = 9
		OpenCV\opencv_imgproc\opencv_imgproc.Shared\opencv_imgproc.Shared.vcxitems*{f631c5ee-6289-4368-9a82-bca7ab2cdc0b}*SharedItemsImports = 4
		OpenCV\libjpeg\libjpeg.Shared\libjpeg.Shared.vcxitems*{f2c6eca3-2df7-444f-82ea-f5505b8ea3b8}*SharedItemsImports = 4
		OpenCV\opencv_imgcodecs\opencv_imgcodecs.Shared\opencv_imgcodecs.Shared.vcxitems*{ee036961-9c46-4356-84e9-4578ca012890}*SharedItemsImports = 9
		OpenCV\opencv_calib3d\opencv_calib3d.Shared\opencv_calib3d.Shared.vcxitems*{43c45a8f-fde9-46c3-91cf-873c94857532}*SharedItemsImports = 4
		OpenCV\libjpeg\libjpeg.Shared\libjpeg.Shared.vcxitems*{5ad6bef0-495d-404d-be53-57794b0b018d}*SharedItemsImports = 9
		OpenCV\opencv_imgcodecs\opencv_imgcodecs.Shared\opencv_imgcodecs.Shared.vcxitems*{807b4a4a-3dc5-492c-ba68-f3ccccd6dd97}*SharedItemsImports = 4
		zlib\zlib.Shared\zlib.Shared.vcxitems*{459535ef-27a0-41da-93ff-3ddef3ad48dc}*SharedItemsImports = 9
		OpenCV\opencv_hal\opencv_hal.Shared\opencv_hal.Shared.vcxitems*{53b3a411-971e-482b-9c82-a20c7f2920e3}*SharedItemsImports = 9
		OpenCV\libtiff\libtiff.Shared\libtiff.Shared.vcxitems*{b8c903e8-3e32-4df2-ac1b-eaeed6fbe5b5}*SharedItemsImports = 4
		OpenCV\opencv_flann\opencv_flann.Shared\opencv_flann.Shared.vcxitems*{168def21-2ef9-430a-b400-559a9e3a707f}*SharedItemsImports = 4
		zlib\zlib.Shared\zlib.Shared.vcxitems*{3b32e7e2-0d8f-48a3-aa37-4c8b160c1f67}*SharedItemsImports = 4
		OpenCV\opencv_core\opencv_core.Shared\opencv_core.Shared.vcxitems*{2e620a2c-36ad-4ccf-8c61-64b518b44908}*SharedItemsImports = 4
	EndGlobalSection
	GlobalSection(SolutionConfigurationPlatforms) = preSolution
		Debug|Any CPU = Debug|Any CPU
		Debug|ARM = Debug|ARM
		Debug|Mixed Platforms = Debug|Mixed Platforms
		Debug|Win32 = Debug|Win32
		Debug|x64 = Debug|x64
		Debug|x86 = Debug|x86
		Release|Any CPU = Release|Any CPU
		Release|ARM = Release|ARM
		Release|Mixed Platforms = Release|Mixed Platforms
		Release|Win32 = Release|Win32
		Release|x64 = Release|x64
		Release|x86 = Release|x86
	EndGlobalSection
	GlobalSection(ProjectConfigurationPlatforms) = postSolution
		{97366F7B-6CE4-4D39-B2EE-81CFBF64BB00}.Debug|Any CPU.ActiveCfg = Debug|Any CPU
		{97366F7B-6CE4-4D39-B2EE-81CFBF64BB00}.Debug|Any CPU.Build.0 = Debug|Any CPU
		{97366F7B-6CE4-4D39-B2EE-81CFBF64BB00}.Debug|ARM.ActiveCfg = Debug|Any CPU
		{97366F7B-6CE4-4D39-B2EE-81CFBF64BB00}.Debug|Mixed Platforms.ActiveCfg = Debug|Any CPU
		{97366F7B-6CE4-4D39-B2EE-81CFBF64BB00}.Debug|Mixed Platforms.Build.0 = Debug|Any CPU
		{97366F7B-6CE4-4D39-B2EE-81CFBF64BB00}.Debug|Win32.ActiveCfg = Debug|Any CPU
		{97366F7B-6CE4-4D39-B2EE-81CFBF64BB00}.Debug|x64.ActiveCfg = Debug|Any CPU
		{97366F7B-6CE4-4D39-B2EE-81CFBF64BB00}.Debug|x86.ActiveCfg = Debug|Any CPU
		{97366F7B-6CE4-4D39-B2EE-81CFBF64BB00}.Debug|x86.Build.0 = Debug|Any CPU
		{97366F7B-6CE4-4D39-B2EE-81CFBF64BB00}.Release|Any CPU.ActiveCfg = Release|Any CPU
		{97366F7B-6CE4-4D39-B2EE-81CFBF64BB00}.Release|Any CPU.Build.0 = Release|Any CPU
		{97366F7B-6CE4-4D39-B2EE-81CFBF64BB00}.Release|ARM.ActiveCfg = Release|Any CPU
		{97366F7B-6CE4-4D39-B2EE-81CFBF64BB00}.Release|Mixed Platforms.ActiveCfg = Release|Any CPU
		{97366F7B-6CE4-4D39-B2EE-81CFBF64BB00}.Release|Mixed Platforms.Build.0 = Release|Any CPU
		{97366F7B-6CE4-4D39-B2EE-81CFBF64BB00}.Release|Win32.ActiveCfg = Release|Any CPU
		{97366F7B-6CE4-4D39-B2EE-81CFBF64BB00}.Release|x64.ActiveCfg = Release|Any CPU
		{97366F7B-6CE4-4D39-B2EE-81CFBF64BB00}.Release|x86.ActiveCfg = Release|Any CPU
		{C8125C5F-15A3-443D-BBCA-71A2F74A0E32}.Debug|Any CPU.ActiveCfg = Debug|Any CPU
		{C8125C5F-15A3-443D-BBCA-71A2F74A0E32}.Debug|Any CPU.Build.0 = Debug|Any CPU
		{C8125C5F-15A3-443D-BBCA-71A2F74A0E32}.Debug|ARM.ActiveCfg = Debug|Any CPU
		{C8125C5F-15A3-443D-BBCA-71A2F74A0E32}.Debug|Mixed Platforms.ActiveCfg = Debug|Any CPU
		{C8125C5F-15A3-443D-BBCA-71A2F74A0E32}.Debug|Mixed Platforms.Build.0 = Debug|Any CPU
		{C8125C5F-15A3-443D-BBCA-71A2F74A0E32}.Debug|Win32.ActiveCfg = Debug|Any CPU
		{C8125C5F-15A3-443D-BBCA-71A2F74A0E32}.Debug|x64.ActiveCfg = Debug|Any CPU
		{C8125C5F-15A3-443D-BBCA-71A2F74A0E32}.Debug|x86.ActiveCfg = Debug|Any CPU
		{C8125C5F-15A3-443D-BBCA-71A2F74A0E32}.Debug|x86.Build.0 = Debug|Any CPU
		{C8125C5F-15A3-443D-BBCA-71A2F74A0E32}.Release|Any CPU.ActiveCfg = Release|Any CPU
		{C8125C5F-15A3-443D-BBCA-71A2F74A0E32}.Release|Any CPU.Build.0 = Release|Any CPU
		{C8125C5F-15A3-443D-BBCA-71A2F74A0E32}.Release|ARM.ActiveCfg = Release|Any CPU
		{C8125C5F-15A3-443D-BBCA-71A2F74A0E32}.Release|Mixed Platforms.ActiveCfg = Release|Any CPU
		{C8125C5F-15A3-443D-BBCA-71A2F74A0E32}.Release|Mixed Platforms.Build.0 = Release|Any CPU
		{C8125C5F-15A3-443D-BBCA-71A2F74A0E32}.Release|Win32.ActiveCfg = Release|Any CPU
		{C8125C5F-15A3-443D-BBCA-71A2F74A0E32}.Release|x64.ActiveCfg = Release|Any CPU
		{C8125C5F-15A3-443D-BBCA-71A2F74A0E32}.Release|x86.ActiveCfg = Release|Any CPU
		{966930F4-4207-4008-A828-5943A3CBAE3C}.Debug|Any CPU.ActiveCfg = Debug|Any CPU
		{966930F4-4207-4008-A828-5943A3CBAE3C}.Debug|Any CPU.Build.0 = Debug|Any CPU
		{966930F4-4207-4008-A828-5943A3CBAE3C}.Debug|Any CPU.Deploy.0 = Debug|Any CPU
		{966930F4-4207-4008-A828-5943A3CBAE3C}.Debug|ARM.ActiveCfg = Debug|ARM
		{966930F4-4207-4008-A828-5943A3CBAE3C}.Debug|ARM.Build.0 = Debug|ARM
		{966930F4-4207-4008-A828-5943A3CBAE3C}.Debug|ARM.Deploy.0 = Debug|ARM
		{966930F4-4207-4008-A828-5943A3CBAE3C}.Debug|Mixed Platforms.ActiveCfg = Debug|x86
		{966930F4-4207-4008-A828-5943A3CBAE3C}.Debug|Mixed Platforms.Build.0 = Debug|x86
		{966930F4-4207-4008-A828-5943A3CBAE3C}.Debug|Mixed Platforms.Deploy.0 = Debug|x86
		{966930F4-4207-4008-A828-5943A3CBAE3C}.Debug|Win32.ActiveCfg = Debug|x86
		{966930F4-4207-4008-A828-5943A3CBAE3C}.Debug|Win32.Build.0 = Debug|x86
		{966930F4-4207-4008-A828-5943A3CBAE3C}.Debug|Win32.Deploy.0 = Debug|x86
		{966930F4-4207-4008-A828-5943A3CBAE3C}.Debug|x64.ActiveCfg = Debug|x64
		{966930F4-4207-4008-A828-5943A3CBAE3C}.Debug|x64.Build.0 = Debug|x64
		{966930F4-4207-4008-A828-5943A3CBAE3C}.Debug|x64.Deploy.0 = Debug|x64
		{966930F4-4207-4008-A828-5943A3CBAE3C}.Debug|x86.ActiveCfg = Debug|x86
		{966930F4-4207-4008-A828-5943A3CBAE3C}.Debug|x86.Build.0 = Debug|x86
		{966930F4-4207-4008-A828-5943A3CBAE3C}.Debug|x86.Deploy.0 = Debug|x86
		{966930F4-4207-4008-A828-5943A3CBAE3C}.Release|Any CPU.ActiveCfg = Release|Any CPU
		{966930F4-4207-4008-A828-5943A3CBAE3C}.Release|Any CPU.Build.0 = Release|Any CPU
		{966930F4-4207-4008-A828-5943A3CBAE3C}.Release|Any CPU.Deploy.0 = Release|Any CPU
		{966930F4-4207-4008-A828-5943A3CBAE3C}.Release|ARM.ActiveCfg = Release|ARM
		{966930F4-4207-4008-A828-5943A3CBAE3C}.Release|ARM.Build.0 = Release|ARM
		{966930F4-4207-4008-A828-5943A3CBAE3C}.Release|ARM.Deploy.0 = Release|ARM
		{966930F4-4207-4008-A828-5943A3CBAE3C}.Release|Mixed Platforms.ActiveCfg = Release|x86
		{966930F4-4207-4008-A828-5943A3CBAE3C}.Release|Mixed Platforms.Build.0 = Release|x86
		{966930F4-4207-4008-A828-5943A3CBAE3C}.Release|Mixed Platforms.Deploy.0 = Release|x86
		{966930F4-4207-4008-A828-5943A3CBAE3C}.Release|Win32.ActiveCfg = Release|x86
		{966930F4-4207-4008-A828-5943A3CBAE3C}.Release|Win32.Build.0 = Release|x86
		{966930F4-4207-4008-A828-5943A3CBAE3C}.Release|Win32.Deploy.0 = Release|x86
		{966930F4-4207-4008-A828-5943A3CBAE3C}.Release|x64.ActiveCfg = Release|x64
		{966930F4-4207-4008-A828-5943A3CBAE3C}.Release|x64.Build.0 = Release|x64
		{966930F4-4207-4008-A828-5943A3CBAE3C}.Release|x64.Deploy.0 = Release|x64
		{966930F4-4207-4008-A828-5943A3CBAE3C}.Release|x86.ActiveCfg = Release|x86
		{966930F4-4207-4008-A828-5943A3CBAE3C}.Release|x86.Build.0 = Release|x86
		{966930F4-4207-4008-A828-5943A3CBAE3C}.Release|x86.Deploy.0 = Release|x86
		{D2E04735-003D-432B-9C6D-FE9BB658B8CF}.Debug|Any CPU.ActiveCfg = Debug|Any CPU
		{D2E04735-003D-432B-9C6D-FE9BB658B8CF}.Debug|Any CPU.Build.0 = Debug|Any CPU
		{D2E04735-003D-432B-9C6D-FE9BB658B8CF}.Debug|ARM.ActiveCfg = Debug|ARM
		{D2E04735-003D-432B-9C6D-FE9BB658B8CF}.Debug|ARM.Build.0 = Debug|ARM
		{D2E04735-003D-432B-9C6D-FE9BB658B8CF}.Debug|Mixed Platforms.ActiveCfg = Debug|x86
		{D2E04735-003D-432B-9C6D-FE9BB658B8CF}.Debug|Mixed Platforms.Build.0 = Debug|x86
		{D2E04735-003D-432B-9C6D-FE9BB658B8CF}.Debug|Win32.ActiveCfg = Debug|x86
		{D2E04735-003D-432B-9C6D-FE9BB658B8CF}.Debug|Win32.Build.0 = Debug|x86
		{D2E04735-003D-432B-9C6D-FE9BB658B8CF}.Debug|x64.ActiveCfg = Debug|x64
		{D2E04735-003D-432B-9C6D-FE9BB658B8CF}.Debug|x64.Build.0 = Debug|x64
		{D2E04735-003D-432B-9C6D-FE9BB658B8CF}.Debug|x86.ActiveCfg = Debug|x86
		{D2E04735-003D-432B-9C6D-FE9BB658B8CF}.Debug|x86.Build.0 = Debug|x86
		{D2E04735-003D-432B-9C6D-FE9BB658B8CF}.Release|Any CPU.ActiveCfg = Release|Any CPU
		{D2E04735-003D-432B-9C6D-FE9BB658B8CF}.Release|Any CPU.Build.0 = Release|Any CPU
		{D2E04735-003D-432B-9C6D-FE9BB658B8CF}.Release|ARM.ActiveCfg = Release|ARM
		{D2E04735-003D-432B-9C6D-FE9BB658B8CF}.Release|ARM.Build.0 = Release|ARM
		{D2E04735-003D-432B-9C6D-FE9BB658B8CF}.Release|Mixed Platforms.ActiveCfg = Release|x86
		{D2E04735-003D-432B-9C6D-FE9BB658B8CF}.Release|Mixed Platforms.Build.0 = Release|x86
		{D2E04735-003D-432B-9C6D-FE9BB658B8CF}.Release|Win32.ActiveCfg = Release|x86
		{D2E04735-003D-432B-9C6D-FE9BB658B8CF}.Release|Win32.Build.0 = Release|x86
		{D2E04735-003D-432B-9C6D-FE9BB658B8CF}.Release|x64.ActiveCfg = Release|x64
		{D2E04735-003D-432B-9C6D-FE9BB658B8CF}.Release|x64.Build.0 = Release|x64
		{D2E04735-003D-432B-9C6D-FE9BB658B8CF}.Release|x86.ActiveCfg = Release|x86
		{D2E04735-003D-432B-9C6D-FE9BB658B8CF}.Release|x86.Build.0 = Release|x86
		{64624E36-CD80-434F-A337-72D0BC08438E}.Debug|Any CPU.ActiveCfg = Debug|Any CPU
		{64624E36-CD80-434F-A337-72D0BC08438E}.Debug|Any CPU.Build.0 = Debug|Any CPU
		{64624E36-CD80-434F-A337-72D0BC08438E}.Debug|ARM.ActiveCfg = Debug|Any CPU
		{64624E36-CD80-434F-A337-72D0BC08438E}.Debug|Mixed Platforms.ActiveCfg = Debug|Any CPU
		{64624E36-CD80-434F-A337-72D0BC08438E}.Debug|Mixed Platforms.Build.0 = Debug|Any CPU
		{64624E36-CD80-434F-A337-72D0BC08438E}.Debug|Win32.ActiveCfg = Debug|Any CPU
		{64624E36-CD80-434F-A337-72D0BC08438E}.Debug|x64.ActiveCfg = Debug|Any CPU
		{64624E36-CD80-434F-A337-72D0BC08438E}.Debug|x86.ActiveCfg = Debug|Any CPU
		{64624E36-CD80-434F-A337-72D0BC08438E}.Debug|x86.Build.0 = Debug|Any CPU
		{64624E36-CD80-434F-A337-72D0BC08438E}.Release|Any CPU.ActiveCfg = Release|Any CPU
		{64624E36-CD80-434F-A337-72D0BC08438E}.Release|Any CPU.Build.0 = Release|Any CPU
		{64624E36-CD80-434F-A337-72D0BC08438E}.Release|ARM.ActiveCfg = Release|Any CPU
		{64624E36-CD80-434F-A337-72D0BC08438E}.Release|Mixed Platforms.ActiveCfg = Release|Any CPU
		{64624E36-CD80-434F-A337-72D0BC08438E}.Release|Mixed Platforms.Build.0 = Release|Any CPU
		{64624E36-CD80-434F-A337-72D0BC08438E}.Release|Win32.ActiveCfg = Release|Any CPU
		{64624E36-CD80-434F-A337-72D0BC08438E}.Release|x64.ActiveCfg = Release|Any CPU
		{64624E36-CD80-434F-A337-72D0BC08438E}.Release|x86.ActiveCfg = Release|Any CPU
		{7C1A35CB-8B84-4F43-ABC9-36376392E68C}.Debug|Any CPU.ActiveCfg = Debug|Any CPU
		{7C1A35CB-8B84-4F43-ABC9-36376392E68C}.Debug|Any CPU.Build.0 = Debug|Any CPU
		{7C1A35CB-8B84-4F43-ABC9-36376392E68C}.Debug|ARM.ActiveCfg = Debug|Any CPU
		{7C1A35CB-8B84-4F43-ABC9-36376392E68C}.Debug|Mixed Platforms.ActiveCfg = Debug|Any CPU
		{7C1A35CB-8B84-4F43-ABC9-36376392E68C}.Debug|Mixed Platforms.Build.0 = Debug|Any CPU
		{7C1A35CB-8B84-4F43-ABC9-36376392E68C}.Debug|Win32.ActiveCfg = Debug|Any CPU
		{7C1A35CB-8B84-4F43-ABC9-36376392E68C}.Debug|x64.ActiveCfg = Debug|Any CPU
		{7C1A35CB-8B84-4F43-ABC9-36376392E68C}.Debug|x86.ActiveCfg = Debug|Any CPU
		{7C1A35CB-8B84-4F43-ABC9-36376392E68C}.Debug|x86.Build.0 = Debug|Any CPU
		{7C1A35CB-8B84-4F43-ABC9-36376392E68C}.Release|Any CPU.ActiveCfg = Release|Any CPU
		{7C1A35CB-8B84-4F43-ABC9-36376392E68C}.Release|Any CPU.Build.0 = Release|Any CPU
		{7C1A35CB-8B84-4F43-ABC9-36376392E68C}.Release|ARM.ActiveCfg = Release|Any CPU
		{7C1A35CB-8B84-4F43-ABC9-36376392E68C}.Release|Mixed Platforms.ActiveCfg = Release|Any CPU
		{7C1A35CB-8B84-4F43-ABC9-36376392E68C}.Release|Mixed Platforms.Build.0 = Release|Any CPU
		{7C1A35CB-8B84-4F43-ABC9-36376392E68C}.Release|Win32.ActiveCfg = Release|Any CPU
		{7C1A35CB-8B84-4F43-ABC9-36376392E68C}.Release|x64.ActiveCfg = Release|Any CPU
		{7C1A35CB-8B84-4F43-ABC9-36376392E68C}.Release|x86.ActiveCfg = Release|Any CPU
		{566B423B-6C80-4B87-8F27-DEEBB65A6981}.Debug|Any CPU.ActiveCfg = Debug|Any CPU
		{566B423B-6C80-4B87-8F27-DEEBB65A6981}.Debug|Any CPU.Build.0 = Debug|Any CPU
		{566B423B-6C80-4B87-8F27-DEEBB65A6981}.Debug|ARM.ActiveCfg = Debug|ARM
		{566B423B-6C80-4B87-8F27-DEEBB65A6981}.Debug|ARM.Build.0 = Debug|ARM
		{566B423B-6C80-4B87-8F27-DEEBB65A6981}.Debug|Mixed Platforms.ActiveCfg = Debug|x86
		{566B423B-6C80-4B87-8F27-DEEBB65A6981}.Debug|Mixed Platforms.Build.0 = Debug|x86
		{566B423B-6C80-4B87-8F27-DEEBB65A6981}.Debug|Win32.ActiveCfg = Debug|x86
		{566B423B-6C80-4B87-8F27-DEEBB65A6981}.Debug|Win32.Build.0 = Debug|x86
		{566B423B-6C80-4B87-8F27-DEEBB65A6981}.Debug|x64.ActiveCfg = Debug|x64
		{566B423B-6C80-4B87-8F27-DEEBB65A6981}.Debug|x64.Build.0 = Debug|x64
		{566B423B-6C80-4B87-8F27-DEEBB65A6981}.Debug|x86.ActiveCfg = Debug|x86
		{566B423B-6C80-4B87-8F27-DEEBB65A6981}.Debug|x86.Build.0 = Debug|x86
		{566B423B-6C80-4B87-8F27-DEEBB65A6981}.Release|Any CPU.ActiveCfg = Release|Any CPU
		{566B423B-6C80-4B87-8F27-DEEBB65A6981}.Release|Any CPU.Build.0 = Release|Any CPU
		{566B423B-6C80-4B87-8F27-DEEBB65A6981}.Release|ARM.ActiveCfg = Release|ARM
		{566B423B-6C80-4B87-8F27-DEEBB65A6981}.Release|ARM.Build.0 = Release|ARM
		{566B423B-6C80-4B87-8F27-DEEBB65A6981}.Release|Mixed Platforms.ActiveCfg = Release|x86
		{566B423B-6C80-4B87-8F27-DEEBB65A6981}.Release|Mixed Platforms.Build.0 = Release|x86
		{566B423B-6C80-4B87-8F27-DEEBB65A6981}.Release|Win32.ActiveCfg = Release|x86
		{566B423B-6C80-4B87-8F27-DEEBB65A6981}.Release|Win32.Build.0 = Release|x86
		{566B423B-6C80-4B87-8F27-DEEBB65A6981}.Release|x64.ActiveCfg = Release|x64
		{566B423B-6C80-4B87-8F27-DEEBB65A6981}.Release|x64.Build.0 = Release|x64
		{566B423B-6C80-4B87-8F27-DEEBB65A6981}.Release|x86.ActiveCfg = Release|x86
		{566B423B-6C80-4B87-8F27-DEEBB65A6981}.Release|x86.Build.0 = Release|x86
		{459541FF-2068-4F5A-837F-8E65E764AF63}.Debug|Any CPU.ActiveCfg = Debug|Win32
		{459541FF-2068-4F5A-837F-8E65E764AF63}.Debug|ARM.ActiveCfg = Debug|ARM
		{459541FF-2068-4F5A-837F-8E65E764AF63}.Debug|ARM.Build.0 = Debug|ARM
		{459541FF-2068-4F5A-837F-8E65E764AF63}.Debug|Mixed Platforms.ActiveCfg = Debug|Win32
		{459541FF-2068-4F5A-837F-8E65E764AF63}.Debug|Mixed Platforms.Build.0 = Debug|Win32
		{459541FF-2068-4F5A-837F-8E65E764AF63}.Debug|Win32.ActiveCfg = Debug|Win32
		{459541FF-2068-4F5A-837F-8E65E764AF63}.Debug|Win32.Build.0 = Debug|Win32
		{459541FF-2068-4F5A-837F-8E65E764AF63}.Debug|x64.ActiveCfg = Debug|x64
		{459541FF-2068-4F5A-837F-8E65E764AF63}.Debug|x64.Build.0 = Debug|x64
		{459541FF-2068-4F5A-837F-8E65E764AF63}.Debug|x86.ActiveCfg = Debug|Win32
		{459541FF-2068-4F5A-837F-8E65E764AF63}.Debug|x86.Build.0 = Debug|Win32
		{459541FF-2068-4F5A-837F-8E65E764AF63}.Release|Any CPU.ActiveCfg = Release|Win32
		{459541FF-2068-4F5A-837F-8E65E764AF63}.Release|ARM.ActiveCfg = Release|ARM
		{459541FF-2068-4F5A-837F-8E65E764AF63}.Release|ARM.Build.0 = Release|ARM
		{459541FF-2068-4F5A-837F-8E65E764AF63}.Release|Mixed Platforms.ActiveCfg = Release|Win32
		{459541FF-2068-4F5A-837F-8E65E764AF63}.Release|Mixed Platforms.Build.0 = Release|Win32
		{459541FF-2068-4F5A-837F-8E65E764AF63}.Release|Win32.ActiveCfg = Release|Win32
		{459541FF-2068-4F5A-837F-8E65E764AF63}.Release|Win32.Build.0 = Release|Win32
		{459541FF-2068-4F5A-837F-8E65E764AF63}.Release|x64.ActiveCfg = Release|x64
		{459541FF-2068-4F5A-837F-8E65E764AF63}.Release|x64.Build.0 = Release|x64
		{459541FF-2068-4F5A-837F-8E65E764AF63}.Release|x86.ActiveCfg = Release|Win32
		{459541FF-2068-4F5A-837F-8E65E764AF63}.Release|x86.Build.0 = Release|Win32
		{2E620A2C-36AD-4CCF-8C61-64B518B44908}.Debug|Any CPU.ActiveCfg = Debug|Win32
		{2E620A2C-36AD-4CCF-8C61-64B518B44908}.Debug|ARM.ActiveCfg = Debug|ARM
		{2E620A2C-36AD-4CCF-8C61-64B518B44908}.Debug|ARM.Build.0 = Debug|ARM
		{2E620A2C-36AD-4CCF-8C61-64B518B44908}.Debug|Mixed Platforms.ActiveCfg = Debug|Win32
		{2E620A2C-36AD-4CCF-8C61-64B518B44908}.Debug|Mixed Platforms.Build.0 = Debug|Win32
		{2E620A2C-36AD-4CCF-8C61-64B518B44908}.Debug|Win32.ActiveCfg = Debug|Win32
		{2E620A2C-36AD-4CCF-8C61-64B518B44908}.Debug|Win32.Build.0 = Debug|Win32
		{2E620A2C-36AD-4CCF-8C61-64B518B44908}.Debug|x64.ActiveCfg = Debug|x64
		{2E620A2C-36AD-4CCF-8C61-64B518B44908}.Debug|x64.Build.0 = Debug|x64
		{2E620A2C-36AD-4CCF-8C61-64B518B44908}.Debug|x86.ActiveCfg = Debug|Win32
		{2E620A2C-36AD-4CCF-8C61-64B518B44908}.Debug|x86.Build.0 = Debug|Win32
		{2E620A2C-36AD-4CCF-8C61-64B518B44908}.Release|Any CPU.ActiveCfg = Release|Win32
		{2E620A2C-36AD-4CCF-8C61-64B518B44908}.Release|ARM.ActiveCfg = Release|ARM
		{2E620A2C-36AD-4CCF-8C61-64B518B44908}.Release|ARM.Build.0 = Release|ARM
		{2E620A2C-36AD-4CCF-8C61-64B518B44908}.Release|Mixed Platforms.ActiveCfg = Release|Win32
		{2E620A2C-36AD-4CCF-8C61-64B518B44908}.Release|Mixed Platforms.Build.0 = Release|Win32
		{2E620A2C-36AD-4CCF-8C61-64B518B44908}.Release|Win32.ActiveCfg = Release|Win32
		{2E620A2C-36AD-4CCF-8C61-64B518B44908}.Release|Win32.Build.0 = Release|Win32
		{2E620A2C-36AD-4CCF-8C61-64B518B44908}.Release|x64.ActiveCfg = Release|x64
		{2E620A2C-36AD-4CCF-8C61-64B518B44908}.Release|x64.Build.0 = Release|x64
		{2E620A2C-36AD-4CCF-8C61-64B518B44908}.Release|x86.ActiveCfg = Release|Win32
		{2E620A2C-36AD-4CCF-8C61-64B518B44908}.Release|x86.Build.0 = Release|Win32
		{68F286FD-3929-4AB0-B06D-E74BA48D59FF}.Debug|Any CPU.ActiveCfg = Debug|Win32
		{68F286FD-3929-4AB0-B06D-E74BA48D59FF}.Debug|ARM.ActiveCfg = Debug|ARM
		{68F286FD-3929-4AB0-B06D-E74BA48D59FF}.Debug|ARM.Build.0 = Debug|ARM
		{68F286FD-3929-4AB0-B06D-E74BA48D59FF}.Debug|Mixed Platforms.ActiveCfg = Debug|Win32
		{68F286FD-3929-4AB0-B06D-E74BA48D59FF}.Debug|Mixed Platforms.Build.0 = Debug|Win32
		{68F286FD-3929-4AB0-B06D-E74BA48D59FF}.Debug|Win32.ActiveCfg = Debug|Win32
		{68F286FD-3929-4AB0-B06D-E74BA48D59FF}.Debug|Win32.Build.0 = Debug|Win32
		{68F286FD-3929-4AB0-B06D-E74BA48D59FF}.Debug|x64.ActiveCfg = Debug|Win32
		{68F286FD-3929-4AB0-B06D-E74BA48D59FF}.Debug|x86.ActiveCfg = Debug|Win32
		{68F286FD-3929-4AB0-B06D-E74BA48D59FF}.Debug|x86.Build.0 = Debug|Win32
		{68F286FD-3929-4AB0-B06D-E74BA48D59FF}.Release|Any CPU.ActiveCfg = Release|Win32
		{68F286FD-3929-4AB0-B06D-E74BA48D59FF}.Release|ARM.ActiveCfg = Release|ARM
		{68F286FD-3929-4AB0-B06D-E74BA48D59FF}.Release|ARM.Build.0 = Release|ARM
		{68F286FD-3929-4AB0-B06D-E74BA48D59FF}.Release|Mixed Platforms.ActiveCfg = Release|Win32
		{68F286FD-3929-4AB0-B06D-E74BA48D59FF}.Release|Mixed Platforms.Build.0 = Release|Win32
		{68F286FD-3929-4AB0-B06D-E74BA48D59FF}.Release|Win32.ActiveCfg = Release|Win32
		{68F286FD-3929-4AB0-B06D-E74BA48D59FF}.Release|Win32.Build.0 = Release|Win32
		{68F286FD-3929-4AB0-B06D-E74BA48D59FF}.Release|x64.ActiveCfg = Release|Win32
		{68F286FD-3929-4AB0-B06D-E74BA48D59FF}.Release|x86.ActiveCfg = Release|Win32
		{68F286FD-3929-4AB0-B06D-E74BA48D59FF}.Release|x86.Build.0 = Release|Win32
		{1BA1FA65-4A56-4596-AF89-AF9ACA0C260A}.Debug|Any CPU.ActiveCfg = Debug|Win32
		{1BA1FA65-4A56-4596-AF89-AF9ACA0C260A}.Debug|ARM.ActiveCfg = Debug|ARM
		{1BA1FA65-4A56-4596-AF89-AF9ACA0C260A}.Debug|ARM.Build.0 = Debug|ARM
		{1BA1FA65-4A56-4596-AF89-AF9ACA0C260A}.Debug|Mixed Platforms.ActiveCfg = Debug|Win32
		{1BA1FA65-4A56-4596-AF89-AF9ACA0C260A}.Debug|Mixed Platforms.Build.0 = Debug|Win32
		{1BA1FA65-4A56-4596-AF89-AF9ACA0C260A}.Debug|Win32.ActiveCfg = Debug|Win32
		{1BA1FA65-4A56-4596-AF89-AF9ACA0C260A}.Debug|Win32.Build.0 = Debug|Win32
		{1BA1FA65-4A56-4596-AF89-AF9ACA0C260A}.Debug|x64.ActiveCfg = Debug|x64
		{1BA1FA65-4A56-4596-AF89-AF9ACA0C260A}.Debug|x64.Build.0 = Debug|x64
		{1BA1FA65-4A56-4596-AF89-AF9ACA0C260A}.Debug|x86.ActiveCfg = Debug|Win32
		{1BA1FA65-4A56-4596-AF89-AF9ACA0C260A}.Debug|x86.Build.0 = Debug|Win32
		{1BA1FA65-4A56-4596-AF89-AF9ACA0C260A}.Release|Any CPU.ActiveCfg = Release|Win32
		{1BA1FA65-4A56-4596-AF89-AF9ACA0C260A}.Release|ARM.ActiveCfg = Release|ARM
		{1BA1FA65-4A56-4596-AF89-AF9ACA0C260A}.Release|ARM.Build.0 = Release|ARM
		{1BA1FA65-4A56-4596-AF89-AF9ACA0C260A}.Release|Mixed Platforms.ActiveCfg = Release|Win32
		{1BA1FA65-4A56-4596-AF89-AF9ACA0C260A}.Release|Mixed Platforms.Build.0 = Release|Win32
		{1BA1FA65-4A56-4596-AF89-AF9ACA0C260A}.Release|Win32.ActiveCfg = Release|Win32
		{1BA1FA65-4A56-4596-AF89-AF9ACA0C260A}.Release|Win32.Build.0 = Release|Win32
		{1BA1FA65-4A56-4596-AF89-AF9ACA0C260A}.Release|x64.ActiveCfg = Release|x64
		{1BA1FA65-4A56-4596-AF89-AF9ACA0C260A}.Release|x64.Build.0 = Release|x64
		{1BA1FA65-4A56-4596-AF89-AF9ACA0C260A}.Release|x86.ActiveCfg = Release|Win32
		{1BA1FA65-4A56-4596-AF89-AF9ACA0C260A}.Release|x86.Build.0 = Release|Win32
		{F631C5EE-6289-4368-9A82-BCA7AB2CDC0B}.Debug|Any CPU.ActiveCfg = Debug|Win32
		{F631C5EE-6289-4368-9A82-BCA7AB2CDC0B}.Debug|ARM.ActiveCfg = Debug|ARM
		{F631C5EE-6289-4368-9A82-BCA7AB2CDC0B}.Debug|ARM.Build.0 = Debug|ARM
		{F631C5EE-6289-4368-9A82-BCA7AB2CDC0B}.Debug|Mixed Platforms.ActiveCfg = Debug|Win32
		{F631C5EE-6289-4368-9A82-BCA7AB2CDC0B}.Debug|Mixed Platforms.Build.0 = Debug|Win32
		{F631C5EE-6289-4368-9A82-BCA7AB2CDC0B}.Debug|Win32.ActiveCfg = Debug|Win32
		{F631C5EE-6289-4368-9A82-BCA7AB2CDC0B}.Debug|Win32.Build.0 = Debug|Win32
		{F631C5EE-6289-4368-9A82-BCA7AB2CDC0B}.Debug|x64.ActiveCfg = Debug|x64
		{F631C5EE-6289-4368-9A82-BCA7AB2CDC0B}.Debug|x64.Build.0 = Debug|x64
		{F631C5EE-6289-4368-9A82-BCA7AB2CDC0B}.Debug|x86.ActiveCfg = Debug|Win32
		{F631C5EE-6289-4368-9A82-BCA7AB2CDC0B}.Debug|x86.Build.0 = Debug|Win32
		{F631C5EE-6289-4368-9A82-BCA7AB2CDC0B}.Release|Any CPU.ActiveCfg = Release|Win32
		{F631C5EE-6289-4368-9A82-BCA7AB2CDC0B}.Release|ARM.ActiveCfg = Release|ARM
		{F631C5EE-6289-4368-9A82-BCA7AB2CDC0B}.Release|ARM.Build.0 = Release|ARM
		{F631C5EE-6289-4368-9A82-BCA7AB2CDC0B}.Release|Mixed Platforms.ActiveCfg = Release|Win32
		{F631C5EE-6289-4368-9A82-BCA7AB2CDC0B}.Release|Mixed Platforms.Build.0 = Release|Win32
		{F631C5EE-6289-4368-9A82-BCA7AB2CDC0B}.Release|Win32.ActiveCfg = Release|Win32
		{F631C5EE-6289-4368-9A82-BCA7AB2CDC0B}.Release|Win32.Build.0 = Release|Win32
		{F631C5EE-6289-4368-9A82-BCA7AB2CDC0B}.Release|x64.ActiveCfg = Release|x64
		{F631C5EE-6289-4368-9A82-BCA7AB2CDC0B}.Release|x64.Build.0 = Release|x64
		{F631C5EE-6289-4368-9A82-BCA7AB2CDC0B}.Release|x86.ActiveCfg = Release|Win32
		{F631C5EE-6289-4368-9A82-BCA7AB2CDC0B}.Release|x86.Build.0 = Release|Win32
		{168DEF21-2EF9-430A-B400-559A9E3A707F}.Debug|Any CPU.ActiveCfg = Debug|Win32
		{168DEF21-2EF9-430A-B400-559A9E3A707F}.Debug|ARM.ActiveCfg = Debug|ARM
		{168DEF21-2EF9-430A-B400-559A9E3A707F}.Debug|ARM.Build.0 = Debug|ARM
		{168DEF21-2EF9-430A-B400-559A9E3A707F}.Debug|Mixed Platforms.ActiveCfg = Debug|Win32
		{168DEF21-2EF9-430A-B400-559A9E3A707F}.Debug|Mixed Platforms.Build.0 = Debug|Win32
		{168DEF21-2EF9-430A-B400-559A9E3A707F}.Debug|Win32.ActiveCfg = Debug|Win32
		{168DEF21-2EF9-430A-B400-559A9E3A707F}.Debug|Win32.Build.0 = Debug|Win32
		{168DEF21-2EF9-430A-B400-559A9E3A707F}.Debug|x64.ActiveCfg = Debug|x64
		{168DEF21-2EF9-430A-B400-559A9E3A707F}.Debug|x64.Build.0 = Debug|x64
		{168DEF21-2EF9-430A-B400-559A9E3A707F}.Debug|x86.ActiveCfg = Debug|Win32
		{168DEF21-2EF9-430A-B400-559A9E3A707F}.Debug|x86.Build.0 = Debug|Win32
		{168DEF21-2EF9-430A-B400-559A9E3A707F}.Release|Any CPU.ActiveCfg = Release|Win32
		{168DEF21-2EF9-430A-B400-559A9E3A707F}.Release|ARM.ActiveCfg = Release|ARM
		{168DEF21-2EF9-430A-B400-559A9E3A707F}.Release|ARM.Build.0 = Release|ARM
		{168DEF21-2EF9-430A-B400-559A9E3A707F}.Release|Mixed Platforms.ActiveCfg = Release|Win32
		{168DEF21-2EF9-430A-B400-559A9E3A707F}.Release|Mixed Platforms.Build.0 = Release|Win32
		{168DEF21-2EF9-430A-B400-559A9E3A707F}.Release|Win32.ActiveCfg = Release|Win32
		{168DEF21-2EF9-430A-B400-559A9E3A707F}.Release|Win32.Build.0 = Release|Win32
		{168DEF21-2EF9-430A-B400-559A9E3A707F}.Release|x64.ActiveCfg = Release|x64
		{168DEF21-2EF9-430A-B400-559A9E3A707F}.Release|x64.Build.0 = Release|x64
		{168DEF21-2EF9-430A-B400-559A9E3A707F}.Release|x86.ActiveCfg = Release|Win32
		{168DEF21-2EF9-430A-B400-559A9E3A707F}.Release|x86.Build.0 = Release|Win32
		{807B4A4A-3DC5-492C-BA68-F3CCCCD6DD97}.Debug|Any CPU.ActiveCfg = Debug|Win32
		{807B4A4A-3DC5-492C-BA68-F3CCCCD6DD97}.Debug|ARM.ActiveCfg = Debug|ARM
		{807B4A4A-3DC5-492C-BA68-F3CCCCD6DD97}.Debug|ARM.Build.0 = Debug|ARM
		{807B4A4A-3DC5-492C-BA68-F3CCCCD6DD97}.Debug|Mixed Platforms.ActiveCfg = Debug|Win32
		{807B4A4A-3DC5-492C-BA68-F3CCCCD6DD97}.Debug|Mixed Platforms.Build.0 = Debug|Win32
		{807B4A4A-3DC5-492C-BA68-F3CCCCD6DD97}.Debug|Win32.ActiveCfg = Debug|Win32
		{807B4A4A-3DC5-492C-BA68-F3CCCCD6DD97}.Debug|Win32.Build.0 = Debug|Win32
		{807B4A4A-3DC5-492C-BA68-F3CCCCD6DD97}.Debug|x64.ActiveCfg = Debug|x64
		{807B4A4A-3DC5-492C-BA68-F3CCCCD6DD97}.Debug|x64.Build.0 = Debug|x64
		{807B4A4A-3DC5-492C-BA68-F3CCCCD6DD97}.Debug|x86.ActiveCfg = Debug|Win32
		{807B4A4A-3DC5-492C-BA68-F3CCCCD6DD97}.Debug|x86.Build.0 = Debug|Win32
		{807B4A4A-3DC5-492C-BA68-F3CCCCD6DD97}.Release|Any CPU.ActiveCfg = Release|Win32
		{807B4A4A-3DC5-492C-BA68-F3CCCCD6DD97}.Release|ARM.ActiveCfg = Release|ARM
		{807B4A4A-3DC5-492C-BA68-F3CCCCD6DD97}.Release|ARM.Build.0 = Release|ARM
		{807B4A4A-3DC5-492C-BA68-F3CCCCD6DD97}.Release|Mixed Platforms.ActiveCfg = Release|Win32
		{807B4A4A-3DC5-492C-BA68-F3CCCCD6DD97}.Release|Mixed Platforms.Build.0 = Release|Win32
		{807B4A4A-3DC5-492C-BA68-F3CCCCD6DD97}.Release|Win32.ActiveCfg = Release|Win32
		{807B4A4A-3DC5-492C-BA68-F3CCCCD6DD97}.Release|Win32.Build.0 = Release|Win32
		{807B4A4A-3DC5-492C-BA68-F3CCCCD6DD97}.Release|x64.ActiveCfg = Release|x64
		{807B4A4A-3DC5-492C-BA68-F3CCCCD6DD97}.Release|x64.Build.0 = Release|x64
		{807B4A4A-3DC5-492C-BA68-F3CCCCD6DD97}.Release|x86.ActiveCfg = Release|Win32
		{807B4A4A-3DC5-492C-BA68-F3CCCCD6DD97}.Release|x86.Build.0 = Release|Win32
		{43C45A8F-FDE9-46C3-91CF-873C94857532}.Debug|Any CPU.ActiveCfg = Debug|Win32
		{43C45A8F-FDE9-46C3-91CF-873C94857532}.Debug|ARM.ActiveCfg = Debug|ARM
		{43C45A8F-FDE9-46C3-91CF-873C94857532}.Debug|ARM.Build.0 = Debug|ARM
		{43C45A8F-FDE9-46C3-91CF-873C94857532}.Debug|Mixed Platforms.ActiveCfg = Debug|Win32
		{43C45A8F-FDE9-46C3-91CF-873C94857532}.Debug|Mixed Platforms.Build.0 = Debug|Win32
		{43C45A8F-FDE9-46C3-91CF-873C94857532}.Debug|Win32.ActiveCfg = Debug|Win32
		{43C45A8F-FDE9-46C3-91CF-873C94857532}.Debug|Win32.Build.0 = Debug|Win32
		{43C45A8F-FDE9-46C3-91CF-873C94857532}.Debug|x64.ActiveCfg = Debug|Win32
		{43C45A8F-FDE9-46C3-91CF-873C94857532}.Debug|x86.ActiveCfg = Debug|Win32
		{43C45A8F-FDE9-46C3-91CF-873C94857532}.Debug|x86.Build.0 = Debug|Win32
		{43C45A8F-FDE9-46C3-91CF-873C94857532}.Release|Any CPU.ActiveCfg = Release|Win32
		{43C45A8F-FDE9-46C3-91CF-873C94857532}.Release|ARM.ActiveCfg = Release|ARM
		{43C45A8F-FDE9-46C3-91CF-873C94857532}.Release|ARM.Build.0 = Release|ARM
		{43C45A8F-FDE9-46C3-91CF-873C94857532}.Release|Mixed Platforms.ActiveCfg = Release|Win32
		{43C45A8F-FDE9-46C3-91CF-873C94857532}.Release|Mixed Platforms.Build.0 = Release|Win32
		{43C45A8F-FDE9-46C3-91CF-873C94857532}.Release|Win32.ActiveCfg = Release|Win32
		{43C45A8F-FDE9-46C3-91CF-873C94857532}.Release|Win32.Build.0 = Release|Win32
		{43C45A8F-FDE9-46C3-91CF-873C94857532}.Release|x64.ActiveCfg = Release|Win32
		{43C45A8F-FDE9-46C3-91CF-873C94857532}.Release|x86.ActiveCfg = Release|Win32
		{43C45A8F-FDE9-46C3-91CF-873C94857532}.Release|x86.Build.0 = Release|Win32
		{3B32E7E2-0D8F-48A3-AA37-4C8B160C1F67}.Debug|Any CPU.ActiveCfg = Debug|Win32
		{3B32E7E2-0D8F-48A3-AA37-4C8B160C1F67}.Debug|ARM.ActiveCfg = Debug|ARM
		{3B32E7E2-0D8F-48A3-AA37-4C8B160C1F67}.Debug|ARM.Build.0 = Debug|ARM
		{3B32E7E2-0D8F-48A3-AA37-4C8B160C1F67}.Debug|Mixed Platforms.ActiveCfg = Debug|Win32
		{3B32E7E2-0D8F-48A3-AA37-4C8B160C1F67}.Debug|Mixed Platforms.Build.0 = Debug|Win32
		{3B32E7E2-0D8F-48A3-AA37-4C8B160C1F67}.Debug|Win32.ActiveCfg = Debug|Win32
		{3B32E7E2-0D8F-48A3-AA37-4C8B160C1F67}.Debug|Win32.Build.0 = Debug|Win32
		{3B32E7E2-0D8F-48A3-AA37-4C8B160C1F67}.Debug|x64.ActiveCfg = Debug|x64
		{3B32E7E2-0D8F-48A3-AA37-4C8B160C1F67}.Debug|x64.Build.0 = Debug|x64
		{3B32E7E2-0D8F-48A3-AA37-4C8B160C1F67}.Debug|x86.ActiveCfg = Debug|Win32
		{3B32E7E2-0D8F-48A3-AA37-4C8B160C1F67}.Debug|x86.Build.0 = Debug|Win32
		{3B32E7E2-0D8F-48A3-AA37-4C8B160C1F67}.Release|Any CPU.ActiveCfg = Release|Win32
		{3B32E7E2-0D8F-48A3-AA37-4C8B160C1F67}.Release|ARM.ActiveCfg = Release|ARM
		{3B32E7E2-0D8F-48A3-AA37-4C8B160C1F67}.Release|ARM.Build.0 = Release|ARM
		{3B32E7E2-0D8F-48A3-AA37-4C8B160C1F67}.Release|Mixed Platforms.ActiveCfg = Release|Win32
		{3B32E7E2-0D8F-48A3-AA37-4C8B160C1F67}.Release|Mixed Platforms.Build.0 = Release|Win32
		{3B32E7E2-0D8F-48A3-AA37-4C8B160C1F67}.Release|Win32.ActiveCfg = Release|Win32
		{3B32E7E2-0D8F-48A3-AA37-4C8B160C1F67}.Release|Win32.Build.0 = Release|Win32
		{3B32E7E2-0D8F-48A3-AA37-4C8B160C1F67}.Release|x64.ActiveCfg = Release|x64
		{3B32E7E2-0D8F-48A3-AA37-4C8B160C1F67}.Release|x64.Build.0 = Release|x64
		{3B32E7E2-0D8F-48A3-AA37-4C8B160C1F67}.Release|x86.ActiveCfg = Release|Win32
		{3B32E7E2-0D8F-48A3-AA37-4C8B160C1F67}.Release|x86.Build.0 = Release|Win32
		{C514B6C8-94F6-4165-A380-EB48AA3B44D9}.Debug|Any CPU.ActiveCfg = Debug|Win32
		{C514B6C8-94F6-4165-A380-EB48AA3B44D9}.Debug|ARM.ActiveCfg = Debug|ARM
		{C514B6C8-94F6-4165-A380-EB48AA3B44D9}.Debug|ARM.Build.0 = Debug|ARM
		{C514B6C8-94F6-4165-A380-EB48AA3B44D9}.Debug|Mixed Platforms.ActiveCfg = Debug|Win32
		{C514B6C8-94F6-4165-A380-EB48AA3B44D9}.Debug|Mixed Platforms.Build.0 = Debug|Win32
		{C514B6C8-94F6-4165-A380-EB48AA3B44D9}.Debug|Win32.ActiveCfg = Debug|Win32
		{C514B6C8-94F6-4165-A380-EB48AA3B44D9}.Debug|Win32.Build.0 = Debug|Win32
		{C514B6C8-94F6-4165-A380-EB48AA3B44D9}.Debug|x64.ActiveCfg = Debug|Win32
		{C514B6C8-94F6-4165-A380-EB48AA3B44D9}.Debug|x86.ActiveCfg = Debug|Win32
		{C514B6C8-94F6-4165-A380-EB48AA3B44D9}.Debug|x86.Build.0 = Debug|Win32
		{C514B6C8-94F6-4165-A380-EB48AA3B44D9}.Release|Any CPU.ActiveCfg = Release|Win32
		{C514B6C8-94F6-4165-A380-EB48AA3B44D9}.Release|ARM.ActiveCfg = Release|ARM
		{C514B6C8-94F6-4165-A380-EB48AA3B44D9}.Release|ARM.Build.0 = Release|ARM
		{C514B6C8-94F6-4165-A380-EB48AA3B44D9}.Release|Mixed Platforms.ActiveCfg = Release|Win32
		{C514B6C8-94F6-4165-A380-EB48AA3B44D9}.Release|Mixed Platforms.Build.0 = Release|Win32
		{C514B6C8-94F6-4165-A380-EB48AA3B44D9}.Release|Win32.ActiveCfg = Release|Win32
		{C514B6C8-94F6-4165-A380-EB48AA3B44D9}.Release|Win32.Build.0 = Release|Win32
		{C514B6C8-94F6-4165-A380-EB48AA3B44D9}.Release|x64.ActiveCfg = Release|Win32
		{C514B6C8-94F6-4165-A380-EB48AA3B44D9}.Release|x86.ActiveCfg = Release|Win32
		{C514B6C8-94F6-4165-A380-EB48AA3B44D9}.Release|x86.Build.0 = Release|Win32
		{B58EF6DC-D2E1-4587-9ECB-EBE21818917C}.Debug|Any CPU.ActiveCfg = Debug|Win32
		{B58EF6DC-D2E1-4587-9ECB-EBE21818917C}.Debug|ARM.ActiveCfg = Debug|ARM
		{B58EF6DC-D2E1-4587-9ECB-EBE21818917C}.Debug|ARM.Build.0 = Debug|ARM
		{B58EF6DC-D2E1-4587-9ECB-EBE21818917C}.Debug|Mixed Platforms.ActiveCfg = Debug|Win32
		{B58EF6DC-D2E1-4587-9ECB-EBE21818917C}.Debug|Mixed Platforms.Build.0 = Debug|Win32
		{B58EF6DC-D2E1-4587-9ECB-EBE21818917C}.Debug|Win32.ActiveCfg = Debug|Win32
		{B58EF6DC-D2E1-4587-9ECB-EBE21818917C}.Debug|Win32.Build.0 = Debug|Win32
		{B58EF6DC-D2E1-4587-9ECB-EBE21818917C}.Debug|x64.ActiveCfg = Debug|x64
		{B58EF6DC-D2E1-4587-9ECB-EBE21818917C}.Debug|x64.Build.0 = Debug|x64
		{B58EF6DC-D2E1-4587-9ECB-EBE21818917C}.Debug|x86.ActiveCfg = Debug|Win32
		{B58EF6DC-D2E1-4587-9ECB-EBE21818917C}.Debug|x86.Build.0 = Debug|Win32
		{B58EF6DC-D2E1-4587-9ECB-EBE21818917C}.Release|Any CPU.ActiveCfg = Release|Win32
		{B58EF6DC-D2E1-4587-9ECB-EBE21818917C}.Release|ARM.ActiveCfg = Release|ARM
		{B58EF6DC-D2E1-4587-9ECB-EBE21818917C}.Release|ARM.Build.0 = Release|ARM
		{B58EF6DC-D2E1-4587-9ECB-EBE21818917C}.Release|Mixed Platforms.ActiveCfg = Release|Win32
		{B58EF6DC-D2E1-4587-9ECB-EBE21818917C}.Release|Mixed Platforms.Build.0 = Release|Win32
		{B58EF6DC-D2E1-4587-9ECB-EBE21818917C}.Release|Win32.ActiveCfg = Release|Win32
		{B58EF6DC-D2E1-4587-9ECB-EBE21818917C}.Release|Win32.Build.0 = Release|Win32
		{B58EF6DC-D2E1-4587-9ECB-EBE21818917C}.Release|x64.ActiveCfg = Release|x64
		{B58EF6DC-D2E1-4587-9ECB-EBE21818917C}.Release|x64.Build.0 = Release|x64
		{B58EF6DC-D2E1-4587-9ECB-EBE21818917C}.Release|x86.ActiveCfg = Release|Win32
		{B58EF6DC-D2E1-4587-9ECB-EBE21818917C}.Release|x86.Build.0 = Release|Win32
		{F2C6ECA3-2DF7-444F-82EA-F5505B8EA3B8}.Debug|Any CPU.ActiveCfg = Debug|Win32
		{F2C6ECA3-2DF7-444F-82EA-F5505B8EA3B8}.Debug|ARM.ActiveCfg = Debug|ARM
		{F2C6ECA3-2DF7-444F-82EA-F5505B8EA3B8}.Debug|ARM.Build.0 = Debug|ARM
		{F2C6ECA3-2DF7-444F-82EA-F5505B8EA3B8}.Debug|Mixed Platforms.ActiveCfg = Debug|Win32
		{F2C6ECA3-2DF7-444F-82EA-F5505B8EA3B8}.Debug|Mixed Platforms.Build.0 = Debug|Win32
		{F2C6ECA3-2DF7-444F-82EA-F5505B8EA3B8}.Debug|Win32.ActiveCfg = Debug|Win32
		{F2C6ECA3-2DF7-444F-82EA-F5505B8EA3B8}.Debug|Win32.Build.0 = Debug|Win32
		{F2C6ECA3-2DF7-444F-82EA-F5505B8EA3B8}.Debug|x64.ActiveCfg = Debug|x64
		{F2C6ECA3-2DF7-444F-82EA-F5505B8EA3B8}.Debug|x64.Build.0 = Debug|x64
		{F2C6ECA3-2DF7-444F-82EA-F5505B8EA3B8}.Debug|x86.ActiveCfg = Debug|Win32
		{F2C6ECA3-2DF7-444F-82EA-F5505B8EA3B8}.Debug|x86.Build.0 = Debug|Win32
		{F2C6ECA3-2DF7-444F-82EA-F5505B8EA3B8}.Release|Any CPU.ActiveCfg = Release|Win32
		{F2C6ECA3-2DF7-444F-82EA-F5505B8EA3B8}.Release|ARM.ActiveCfg = Release|ARM
		{F2C6ECA3-2DF7-444F-82EA-F5505B8EA3B8}.Release|ARM.Build.0 = Release|ARM
		{F2C6ECA3-2DF7-444F-82EA-F5505B8EA3B8}.Release|Mixed Platforms.ActiveCfg = Release|Win32
		{F2C6ECA3-2DF7-444F-82EA-F5505B8EA3B8}.Release|Mixed Platforms.Build.0 = Release|Win32
		{F2C6ECA3-2DF7-444F-82EA-F5505B8EA3B8}.Release|Win32.ActiveCfg = Release|Win32
		{F2C6ECA3-2DF7-444F-82EA-F5505B8EA3B8}.Release|Win32.Build.0 = Release|Win32
		{F2C6ECA3-2DF7-444F-82EA-F5505B8EA3B8}.Release|x64.ActiveCfg = Release|x64
		{F2C6ECA3-2DF7-444F-82EA-F5505B8EA3B8}.Release|x64.Build.0 = Release|x64
		{F2C6ECA3-2DF7-444F-82EA-F5505B8EA3B8}.Release|x86.ActiveCfg = Release|Win32
		{F2C6ECA3-2DF7-444F-82EA-F5505B8EA3B8}.Release|x86.Build.0 = Release|Win32
		{2D126C68-0490-4D43-95E2-342B601E1236}.Debug|Any CPU.ActiveCfg = Debug|Win32
		{2D126C68-0490-4D43-95E2-342B601E1236}.Debug|ARM.ActiveCfg = Debug|ARM
		{2D126C68-0490-4D43-95E2-342B601E1236}.Debug|ARM.Build.0 = Debug|ARM
		{2D126C68-0490-4D43-95E2-342B601E1236}.Debug|Mixed Platforms.ActiveCfg = Debug|Win32
		{2D126C68-0490-4D43-95E2-342B601E1236}.Debug|Mixed Platforms.Build.0 = Debug|Win32
		{2D126C68-0490-4D43-95E2-342B601E1236}.Debug|Win32.ActiveCfg = Debug|Win32
		{2D126C68-0490-4D43-95E2-342B601E1236}.Debug|Win32.Build.0 = Debug|Win32
		{2D126C68-0490-4D43-95E2-342B601E1236}.Debug|x64.ActiveCfg = Debug|x64
		{2D126C68-0490-4D43-95E2-342B601E1236}.Debug|x64.Build.0 = Debug|x64
		{2D126C68-0490-4D43-95E2-342B601E1236}.Debug|x86.ActiveCfg = Debug|Win32
		{2D126C68-0490-4D43-95E2-342B601E1236}.Debug|x86.Build.0 = Debug|Win32
		{2D126C68-0490-4D43-95E2-342B601E1236}.Release|Any CPU.ActiveCfg = Release|Win32
		{2D126C68-0490-4D43-95E2-342B601E1236}.Release|ARM.ActiveCfg = Release|ARM
		{2D126C68-0490-4D43-95E2-342B601E1236}.Release|ARM.Build.0 = Release|ARM
		{2D126C68-0490-4D43-95E2-342B601E1236}.Release|Mixed Platforms.ActiveCfg = Release|Win32
		{2D126C68-0490-4D43-95E2-342B601E1236}.Release|Mixed Platforms.Build.0 = Release|Win32
		{2D126C68-0490-4D43-95E2-342B601E1236}.Release|Win32.ActiveCfg = Release|Win32
		{2D126C68-0490-4D43-95E2-342B601E1236}.Release|Win32.Build.0 = Release|Win32
		{2D126C68-0490-4D43-95E2-342B601E1236}.Release|x64.ActiveCfg = Release|x64
		{2D126C68-0490-4D43-95E2-342B601E1236}.Release|x64.Build.0 = Release|x64
		{2D126C68-0490-4D43-95E2-342B601E1236}.Release|x86.ActiveCfg = Release|Win32
		{2D126C68-0490-4D43-95E2-342B601E1236}.Release|x86.Build.0 = Release|Win32
		{B8C903E8-3E32-4DF2-AC1B-EAEED6FBE5B5}.Debug|Any CPU.ActiveCfg = Debug|Win32
		{B8C903E8-3E32-4DF2-AC1B-EAEED6FBE5B5}.Debug|ARM.ActiveCfg = Debug|ARM
		{B8C903E8-3E32-4DF2-AC1B-EAEED6FBE5B5}.Debug|ARM.Build.0 = Debug|ARM
		{B8C903E8-3E32-4DF2-AC1B-EAEED6FBE5B5}.Debug|Mixed Platforms.ActiveCfg = Debug|Win32
		{B8C903E8-3E32-4DF2-AC1B-EAEED6FBE5B5}.Debug|Mixed Platforms.Build.0 = Debug|Win32
		{B8C903E8-3E32-4DF2-AC1B-EAEED6FBE5B5}.Debug|Win32.ActiveCfg = Debug|Win32
		{B8C903E8-3E32-4DF2-AC1B-EAEED6FBE5B5}.Debug|Win32.Build.0 = Debug|Win32
		{B8C903E8-3E32-4DF2-AC1B-EAEED6FBE5B5}.Debug|x64.ActiveCfg = Debug|x64
		{B8C903E8-3E32-4DF2-AC1B-EAEED6FBE5B5}.Debug|x64.Build.0 = Debug|x64
		{B8C903E8-3E32-4DF2-AC1B-EAEED6FBE5B5}.Debug|x86.ActiveCfg = Debug|Win32
		{B8C903E8-3E32-4DF2-AC1B-EAEED6FBE5B5}.Debug|x86.Build.0 = Debug|Win32
		{B8C903E8-3E32-4DF2-AC1B-EAEED6FBE5B5}.Release|Any CPU.ActiveCfg = Release|Win32
		{B8C903E8-3E32-4DF2-AC1B-EAEED6FBE5B5}.Release|ARM.ActiveCfg = Release|ARM
		{B8C903E8-3E32-4DF2-AC1B-EAEED6FBE5B5}.Release|ARM.Build.0 = Release|ARM
		{B8C903E8-3E32-4DF2-AC1B-EAEED6FBE5B5}.Release|Mixed Platforms.ActiveCfg = Release|Win32
		{B8C903E8-3E32-4DF2-AC1B-EAEED6FBE5B5}.Release|Mixed Platforms.Build.0 = Release|Win32
		{B8C903E8-3E32-4DF2-AC1B-EAEED6FBE5B5}.Release|Win32.ActiveCfg = Release|Win32
		{B8C903E8-3E32-4DF2-AC1B-EAEED6FBE5B5}.Release|Win32.Build.0 = Release|Win32
		{B8C903E8-3E32-4DF2-AC1B-EAEED6FBE5B5}.Release|x64.ActiveCfg = Release|x64
		{B8C903E8-3E32-4DF2-AC1B-EAEED6FBE5B5}.Release|x64.Build.0 = Release|x64
		{B8C903E8-3E32-4DF2-AC1B-EAEED6FBE5B5}.Release|x86.ActiveCfg = Release|Win32
		{B8C903E8-3E32-4DF2-AC1B-EAEED6FBE5B5}.Release|x86.Build.0 = Release|Win32
		{C75DA0F2-A265-4D72-9D5F-D682F7A814C3}.Debug|Any CPU.ActiveCfg = Debug|Win32
		{C75DA0F2-A265-4D72-9D5F-D682F7A814C3}.Debug|ARM.ActiveCfg = Debug|ARM
		{C75DA0F2-A265-4D72-9D5F-D682F7A814C3}.Debug|ARM.Build.0 = Debug|ARM
		{C75DA0F2-A265-4D72-9D5F-D682F7A814C3}.Debug|Mixed Platforms.ActiveCfg = Debug|Win32
		{C75DA0F2-A265-4D72-9D5F-D682F7A814C3}.Debug|Mixed Platforms.Build.0 = Debug|Win32
		{C75DA0F2-A265-4D72-9D5F-D682F7A814C3}.Debug|Win32.ActiveCfg = Debug|Win32
		{C75DA0F2-A265-4D72-9D5F-D682F7A814C3}.Debug|Win32.Build.0 = Debug|Win32
		{C75DA0F2-A265-4D72-9D5F-D682F7A814C3}.Debug|x64.ActiveCfg = Debug|x64
		{C75DA0F2-A265-4D72-9D5F-D682F7A814C3}.Debug|x64.Build.0 = Debug|x64
		{C75DA0F2-A265-4D72-9D5F-D682F7A814C3}.Debug|x86.ActiveCfg = Debug|Win32
		{C75DA0F2-A265-4D72-9D5F-D682F7A814C3}.Debug|x86.Build.0 = Debug|Win32
		{C75DA0F2-A265-4D72-9D5F-D682F7A814C3}.Release|Any CPU.ActiveCfg = Release|Win32
		{C75DA0F2-A265-4D72-9D5F-D682F7A814C3}.Release|ARM.ActiveCfg = Release|ARM
		{C75DA0F2-A265-4D72-9D5F-D682F7A814C3}.Release|ARM.Build.0 = Release|ARM
		{C75DA0F2-A265-4D72-9D5F-D682F7A814C3}.Release|Mixed Platforms.ActiveCfg = Release|Win32
		{C75DA0F2-A265-4D72-9D5F-D682F7A814C3}.Release|Mixed Platforms.Build.0 = Release|Win32
		{C75DA0F2-A265-4D72-9D5F-D682F7A814C3}.Release|Win32.ActiveCfg = Release|Win32
		{C75DA0F2-A265-4D72-9D5F-D682F7A814C3}.Release|Win32.Build.0 = Release|Win32
		{C75DA0F2-A265-4D72-9D5F-D682F7A814C3}.Release|x64.ActiveCfg = Release|x64
		{C75DA0F2-A265-4D72-9D5F-D682F7A814C3}.Release|x64.Build.0 = Release|x64
		{C75DA0F2-A265-4D72-9D5F-D682F7A814C3}.Release|x86.ActiveCfg = Release|Win32
		{C75DA0F2-A265-4D72-9D5F-D682F7A814C3}.Release|x86.Build.0 = Release|Win32
		{680CC402-F76B-4C27-A95D-0293968F3ACB}.Debug|Any CPU.ActiveCfg = Debug|Win32
		{680CC402-F76B-4C27-A95D-0293968F3ACB}.Debug|ARM.ActiveCfg = Debug|ARM
		{680CC402-F76B-4C27-A95D-0293968F3ACB}.Debug|ARM.Build.0 = Debug|ARM
		{680CC402-F76B-4C27-A95D-0293968F3ACB}.Debug|Mixed Platforms.ActiveCfg = Debug|Win32
		{680CC402-F76B-4C27-A95D-0293968F3ACB}.Debug|Mixed Platforms.Build.0 = Debug|Win32
		{680CC402-F76B-4C27-A95D-0293968F3ACB}.Debug|Win32.ActiveCfg = Debug|Win32
		{680CC402-F76B-4C27-A95D-0293968F3ACB}.Debug|Win32.Build.0 = Debug|Win32
		{680CC402-F76B-4C27-A95D-0293968F3ACB}.Debug|x64.ActiveCfg = Debug|x64
		{680CC402-F76B-4C27-A95D-0293968F3ACB}.Debug|x64.Build.0 = Debug|x64
		{680CC402-F76B-4C27-A95D-0293968F3ACB}.Debug|x86.ActiveCfg = Debug|Win32
		{680CC402-F76B-4C27-A95D-0293968F3ACB}.Debug|x86.Build.0 = Debug|Win32
		{680CC402-F76B-4C27-A95D-0293968F3ACB}.Release|Any CPU.ActiveCfg = Release|Win32
		{680CC402-F76B-4C27-A95D-0293968F3ACB}.Release|ARM.ActiveCfg = Release|ARM
		{680CC402-F76B-4C27-A95D-0293968F3ACB}.Release|ARM.Build.0 = Release|ARM
		{680CC402-F76B-4C27-A95D-0293968F3ACB}.Release|Mixed Platforms.ActiveCfg = Release|Win32
		{680CC402-F76B-4C27-A95D-0293968F3ACB}.Release|Mixed Platforms.Build.0 = Release|Win32
		{680CC402-F76B-4C27-A95D-0293968F3ACB}.Release|Win32.ActiveCfg = Release|Win32
		{680CC402-F76B-4C27-A95D-0293968F3ACB}.Release|Win32.Build.0 = Release|Win32
		{680CC402-F76B-4C27-A95D-0293968F3ACB}.Release|x64.ActiveCfg = Release|x64
		{680CC402-F76B-4C27-A95D-0293968F3ACB}.Release|x64.Build.0 = Release|x64
		{680CC402-F76B-4C27-A95D-0293968F3ACB}.Release|x86.ActiveCfg = Release|Win32
		{680CC402-F76B-4C27-A95D-0293968F3ACB}.Release|x86.Build.0 = Release|Win32
		{F74CE628-B86B-454D-8D2F-52205E2265CF}.Debug|Any CPU.ActiveCfg = Debug|Win32
		{F74CE628-B86B-454D-8D2F-52205E2265CF}.Debug|ARM.ActiveCfg = Debug|ARM
		{F74CE628-B86B-454D-8D2F-52205E2265CF}.Debug|ARM.Build.0 = Debug|ARM
		{F74CE628-B86B-454D-8D2F-52205E2265CF}.Debug|Mixed Platforms.ActiveCfg = Debug|Win32
		{F74CE628-B86B-454D-8D2F-52205E2265CF}.Debug|Mixed Platforms.Build.0 = Debug|Win32
		{F74CE628-B86B-454D-8D2F-52205E2265CF}.Debug|Win32.ActiveCfg = Debug|Win32
		{F74CE628-B86B-454D-8D2F-52205E2265CF}.Debug|Win32.Build.0 = Debug|Win32
		{F74CE628-B86B-454D-8D2F-52205E2265CF}.Debug|x64.ActiveCfg = Debug|Win32
		{F74CE628-B86B-454D-8D2F-52205E2265CF}.Debug|x86.ActiveCfg = Debug|Win32
		{F74CE628-B86B-454D-8D2F-52205E2265CF}.Debug|x86.Build.0 = Debug|Win32
		{F74CE628-B86B-454D-8D2F-52205E2265CF}.Release|Any CPU.ActiveCfg = Release|Win32
		{F74CE628-B86B-454D-8D2F-52205E2265CF}.Release|ARM.ActiveCfg = Release|ARM
		{F74CE628-B86B-454D-8D2F-52205E2265CF}.Release|ARM.Build.0 = Release|ARM
		{F74CE628-B86B-454D-8D2F-52205E2265CF}.Release|Mixed Platforms.ActiveCfg = Release|Win32
		{F74CE628-B86B-454D-8D2F-52205E2265CF}.Release|Mixed Platforms.Build.0 = Release|Win32
		{F74CE628-B86B-454D-8D2F-52205E2265CF}.Release|Win32.ActiveCfg = Release|Win32
		{F74CE628-B86B-454D-8D2F-52205E2265CF}.Release|Win32.Build.0 = Release|Win32
		{F74CE628-B86B-454D-8D2F-52205E2265CF}.Release|x64.ActiveCfg = Release|Win32
		{F74CE628-B86B-454D-8D2F-52205E2265CF}.Release|x86.ActiveCfg = Release|Win32
		{F74CE628-B86B-454D-8D2F-52205E2265CF}.Release|x86.Build.0 = Release|Win32
	EndGlobalSection
	GlobalSection(SolutionProperties) = preSolution
		HideSolutionNode = FALSE
	EndGlobalSection
	GlobalSection(NestedProjects) = preSolution
		{97366F7B-6CE4-4D39-B2EE-81CFBF64BB00} = {C5B6A75F-9137-44A2-99FD-1810DCC2F64A}
		{C8125C5F-15A3-443D-BBCA-71A2F74A0E32} = {C5B6A75F-9137-44A2-99FD-1810DCC2F64A}
		{966930F4-4207-4008-A828-5943A3CBAE3C} = {B7373481-A993-4B5B-AEE6-66BAA5155B1D}
		{D2E04735-003D-432B-9C6D-FE9BB658B8CF} = {B7373481-A993-4B5B-AEE6-66BAA5155B1D}
		{64624E36-CD80-434F-A337-72D0BC08438E} = {C5B6A75F-9137-44A2-99FD-1810DCC2F64A}
		{7C1A35CB-8B84-4F43-ABC9-36376392E68C} = {C5B6A75F-9137-44A2-99FD-1810DCC2F64A}
		{566B423B-6C80-4B87-8F27-DEEBB65A6981} = {B7373481-A993-4B5B-AEE6-66BAA5155B1D}
		{1C3E322E-2550-41E3-ACED-246144430B63} = {F98B3E94-8210-47F7-BCB3-32DADFE9CB24}
		{459541FF-2068-4F5A-837F-8E65E764AF63} = {F98B3E94-8210-47F7-BCB3-32DADFE9CB24}
		{F98B3E94-8210-47F7-BCB3-32DADFE9CB24} = {D1201920-F3A0-4657-BC0A-D61D6B47BB42}
		{A2B2B6F2-3A9A-44A7-B3C4-4F284920D4B3} = {D1201920-F3A0-4657-BC0A-D61D6B47BB42}
		{C7AB42C5-882D-411E-AA37-4C593E193E6E} = {A2B2B6F2-3A9A-44A7-B3C4-4F284920D4B3}
		{2E620A2C-36AD-4CCF-8C61-64B518B44908} = {A2B2B6F2-3A9A-44A7-B3C4-4F284920D4B3}
		{68F286FD-3929-4AB0-B06D-E74BA48D59FF} = {A2B2B6F2-3A9A-44A7-B3C4-4F284920D4B3}
		{0CDF5DC7-8F12-45B5-8AFF-0F8C0E9F65FB} = {D1201920-F3A0-4657-BC0A-D61D6B47BB42}
		{53B3A411-971E-482B-9C82-A20C7F2920E3} = {0CDF5DC7-8F12-45B5-8AFF-0F8C0E9F65FB}
		{1BA1FA65-4A56-4596-AF89-AF9ACA0C260A} = {0CDF5DC7-8F12-45B5-8AFF-0F8C0E9F65FB}
		{B5362432-868A-48AF-BA06-CAE2DDF2B8A2} = {D1201920-F3A0-4657-BC0A-D61D6B47BB42}
		{FDAE92EF-31F0-4633-8367-D2B87A3C9980} = {B5362432-868A-48AF-BA06-CAE2DDF2B8A2}
		{F631C5EE-6289-4368-9A82-BCA7AB2CDC0B} = {B5362432-868A-48AF-BA06-CAE2DDF2B8A2}
		{E03594D9-089A-4817-B2CD-C35E26A91700} = {D1201920-F3A0-4657-BC0A-D61D6B47BB42}
		{D38A73C5-7095-4E0F-BBD8-0AB83E7A66B9} = {E03594D9-089A-4817-B2CD-C35E26A91700}
		{168DEF21-2EF9-430A-B400-559A9E3A707F} = {E03594D9-089A-4817-B2CD-C35E26A91700}
		{D561D140-D3DD-4FA3-80C2-21B834727192} = {D1201920-F3A0-4657-BC0A-D61D6B47BB42}
		{EE036961-9C46-4356-84E9-4578CA012890} = {D561D140-D3DD-4FA3-80C2-21B834727192}
		{807B4A4A-3DC5-492C-BA68-F3CCCCD6DD97} = {D561D140-D3DD-4FA3-80C2-21B834727192}
		{43C45A8F-FDE9-46C3-91CF-873C94857532} = {F98B3E94-8210-47F7-BCB3-32DADFE9CB24}
		{F5959AD3-D710-4EA7-9942-529B43D53C77} = {D1201920-F3A0-4657-BC0A-D61D6B47BB42}
		{FFF58266-E45E-4B7E-A784-9C46563726EB} = {F5959AD3-D710-4EA7-9942-529B43D53C77}
		{459535EF-27A0-41DA-93FF-3DDEF3AD48DC} = {FFF58266-E45E-4B7E-A784-9C46563726EB}
		{3B32E7E2-0D8F-48A3-AA37-4C8B160C1F67} = {FFF58266-E45E-4B7E-A784-9C46563726EB}
		{C514B6C8-94F6-4165-A380-EB48AA3B44D9} = {FFF58266-E45E-4B7E-A784-9C46563726EB}
		{7108BA5C-8C68-4EEF-901F-89A3E915B10E} = {D1201920-F3A0-4657-BC0A-D61D6B47BB42}
		{4E06810D-CF98-4C7B-B4FC-D7149DEC947C} = {D1201920-F3A0-4657-BC0A-D61D6B47BB42}
		{F2C78B7F-C2D7-4B24-91A7-891063DD5F80} = {D1201920-F3A0-4657-BC0A-D61D6B47BB42}
		{589B51BE-95B2-4E23-AFCE-990BDF2D794E} = {D1201920-F3A0-4657-BC0A-D61D6B47BB42}
		{D599B5E5-D352-4F6F-9544-A1C5BF3C4F15} = {7108BA5C-8C68-4EEF-901F-89A3E915B10E}
		{B58EF6DC-D2E1-4587-9ECB-EBE21818917C} = {7108BA5C-8C68-4EEF-901F-89A3E915B10E}
		{5AD6BEF0-495D-404D-BE53-57794B0B018D} = {4E06810D-CF98-4C7B-B4FC-D7149DEC947C}
		{F2C6ECA3-2DF7-444F-82EA-F5505B8EA3B8} = {4E06810D-CF98-4C7B-B4FC-D7149DEC947C}
		{E99757D1-FBC3-43AA-A3CF-9F4B018EF02D} = {F2C78B7F-C2D7-4B24-91A7-891063DD5F80}
		{2D126C68-0490-4D43-95E2-342B601E1236} = {F2C78B7F-C2D7-4B24-91A7-891063DD5F80}
		{0379F787-DEAF-4E5B-B2AF-7CE0B8F0B1DE} = {589B51BE-95B2-4E23-AFCE-990BDF2D794E}
		{B8C903E8-3E32-4DF2-AC1B-EAEED6FBE5B5} = {589B51BE-95B2-4E23-AFCE-990BDF2D794E}
		{D7F7FE02-F253-494F-89ED-4E24F48A1030} = {D1201920-F3A0-4657-BC0A-D61D6B47BB42}
		{B5ADF3AE-B4E3-4BDA-AFE6-E4077DB244D7} = {D7F7FE02-F253-494F-89ED-4E24F48A1030}
		{C75DA0F2-A265-4D72-9D5F-D682F7A814C3} = {D7F7FE02-F253-494F-89ED-4E24F48A1030}
		{D8999D03-218E-40E3-80A5-040C2C55F7B6} = {8DFFC9DA-4CB0-4B10-894D-DFA20B792A96}
		{2CE306D4-32E4-4AFF-BC92-9E2D2B0F9958} = {D8999D03-218E-40E3-80A5-040C2C55F7B6}
		{680CC402-F76B-4C27-A95D-0293968F3ACB} = {D8999D03-218E-40E3-80A5-040C2C55F7B6}
		{F74CE628-B86B-454D-8D2F-52205E2265CF} = {D8999D03-218E-40E3-80A5-040C2C55F7B6}
	EndGlobalSection
EndGlobal
